<?xml version="1.0" encoding="utf-8"?>
<Project ToolsVersion="4.0" xmlns="http://schemas.microsoft.com/developer/msbuild/2003">
  <ItemGroup>
    <Filter Include="Source Files">
      <UniqueIdentifier>{4FC737F1-C7A5-4376-A066-2A32D752A2FF}</UniqueIdentifier>
      <Extensions>cpp;c;cc;cxx;def;odl;idl;hpj;bat;asm;asmx</Extensions>
    </Filter>
    <Filter Include="Header Files">
      <UniqueIdentifier>{93995380-89BD-4b04-88EB-625FBE52EBFB}</UniqueIdentifier>
      <Extensions>h;hh;hpp;hxx;hm;inl;inc;xsd</Extensions>
    </Filter>
    <Filter Include="Resource Files">
      <UniqueIdentifier>{67DA6AB6-F800-4c08-8B7A-83BB121AAD01}</UniqueIdentifier>
      <Extensions>rc;ico;cur;bmp;dlg;rc2;rct;bin;rgs;gif;jpg;jpeg;jpe;resx;tiff;tif;png;wav;mfcribbon-ms</Extensions>
    </Filter>
    <Filter Include="Engine">
      <UniqueIdentifier>{8a693f30-d903-4676-af5f-84f31b8f3a62}</UniqueIdentifier>
    </Filter>
    <Filter Include="Game">
      <UniqueIdentifier>{512e758c-e48b-4e8c-9681-3efac62211ef}</UniqueIdentifier>
    </Filter>
    <Filter Include="Engine\Control">
      <UniqueIdentifier>{30e8fcbd-7581-40c9-932a-f36372d52cf6}</UniqueIdentifier>
    </Filter>
    <Filter Include="Engine\Entities">
      <UniqueIdentifier>{f3b52fe4-0df6-42c1-9b33-d4f1ba190af9}</UniqueIdentifier>
    </Filter>
    <Filter Include="Engine\Model">
      <UniqueIdentifier>{8cb8e79a-1aca-4a1e-8d1b-b6ac6f9040af}</UniqueIdentifier>
    </Filter>
    <Filter Include="Engine\Render">
      <UniqueIdentifier>{51fe261b-c4e9-474a-9669-be3be86797b1}</UniqueIdentifier>
    </Filter>
    <Filter Include="Engine\Shader">
      <UniqueIdentifier>{c73625cf-0d69-44b4-ab0f-e02fab2c697e}</UniqueIdentifier>
    </Filter>
    <Filter Include="Game\GameObjects">
      <UniqueIdentifier>{dd6e97e6-a220-4e2a-ba0d-14307636ba60}</UniqueIdentifier>
    </Filter>
    <Filter Include="Engine\Font">
      <UniqueIdentifier>{2035195b-011b-4a87-8429-a60ecf7a120e}</UniqueIdentifier>
    </Filter>
    <Filter Include="Engine\Shader\fonts">
      <UniqueIdentifier>{21f47dbe-ee5c-4fdd-be9a-f2d4a14a8529}</UniqueIdentifier>
    </Filter>
    <Filter Include="Game\GameObjects\GameObject">
      <UniqueIdentifier>{00c62e4c-9461-42d2-b803-a00682ab8e34}</UniqueIdentifier>
    </Filter>
    <Filter Include="Game\GameObjects\Wall">
      <UniqueIdentifier>{9667194c-24d7-48dd-b5b2-640199ed9466}</UniqueIdentifier>
    </Filter>
    <Filter Include="Game\GameObjects\Field">
      <UniqueIdentifier>{5bc97152-0d4d-4407-9efc-d12b06409a49}</UniqueIdentifier>
    </Filter>
    <Filter Include="Game\GameObjects\Player">
      <UniqueIdentifier>{52ff4855-da1d-44d0-bf9f-982af5a5455c}</UniqueIdentifier>
    </Filter>
    <Filter Include="Game\GameObjects\WhiteHole">
      <UniqueIdentifier>{df604d9f-2121-4332-a25e-07f0471d6198}</UniqueIdentifier>
    </Filter>
    <Filter Include="Game\Menu">
      <UniqueIdentifier>{aa1df41c-b5e6-4a60-92cc-3e23cd533e30}</UniqueIdentifier>
    </Filter>
  </ItemGroup>
  <ItemGroup>
    <Text Include="ReadMe.txt" />
  </ItemGroup>
  <ItemGroup>
    <ClInclude Include="MainHeaders.h">
      <Filter>Header Files</Filter>
    </ClInclude>
    <ClInclude Include="Model.h">
      <Filter>Engine\Model</Filter>
    </ClInclude>
    <ClInclude Include="Shader.h">
      <Filter>Engine\Shader</Filter>
    </ClInclude>
    <ClInclude Include="StaticShader.h">
      <Filter>Engine\Shader</Filter>
    </ClInclude>
    <ClInclude Include="Texture.h">
      <Filter>Engine\Model</Filter>
    </ClInclude>
    <ClInclude Include="TexturedModel.h">
      <Filter>Engine\Model</Filter>
    </ClInclude>
    <ClInclude Include="Maths.h">
      <Filter>Header Files</Filter>
    </ClInclude>
    <ClInclude Include="Engine.h">
      <Filter>Engine</Filter>
    </ClInclude>
    <ClInclude Include="Entity.h">
      <Filter>Engine\Entities</Filter>
    </ClInclude>
    <ClInclude Include="Camera.h">
      <Filter>Engine\Entities</Filter>
    </ClInclude>
    <ClInclude Include="Loader.h">
      <Filter>Engine\Render</Filter>
    </ClInclude>
    <ClInclude Include="Renderer.h">
      <Filter>Engine\Render</Filter>
    </ClInclude>
    <ClInclude Include="Window.h">
      <Filter>Engine\Render</Filter>
    </ClInclude>
    <ClInclude Include="Keyboard.h">
      <Filter>Engine\Control</Filter>
    </ClInclude>
    <ClInclude Include="Light.h">
      <Filter>Engine\Entities</Filter>
    </ClInclude>
    <ClInclude Include="Game.h">
      <Filter>Game</Filter>
    </ClInclude>
    <ClInclude Include="Settings.h">
      <Filter>Game</Filter>
    </ClInclude>
    <ClInclude Include="Font.h">
      <Filter>Engine\Font</Filter>
    </ClInclude>
    <ClInclude Include="GameObject.h">
      <Filter>Game\GameObjects\GameObject</Filter>
    </ClInclude>
    <ClInclude Include="GameObjectManager.h">
      <Filter>Game\GameObjects\GameObject</Filter>
    </ClInclude>
    <ClInclude Include="Wall.h">
      <Filter>Game\GameObjects\Wall</Filter>
    </ClInclude>
    <ClInclude Include="Field.h">
      <Filter>Game\GameObjects\Field</Filter>
    </ClInclude>
    <ClInclude Include="WallHole.h">
      <Filter>Game\GameObjects\Wall</Filter>
    </ClInclude>
    <ClInclude Include="Player.h">
      <Filter>Game\GameObjects\Player</Filter>
    </ClInclude>
    <ClInclude Include="PlayerMovementManager.h">
      <Filter>Game\GameObjects\Player</Filter>
    </ClInclude>
    <ClInclude Include="GameObjectLoader.h">
      <Filter>Game\GameObjects\GameObject</Filter>
    </ClInclude>
    <ClInclude Include="WhiteHole.h">
      <Filter>Game\GameObjects\WhiteHole</Filter>
    </ClInclude>
    <ClInclude Include="MenuOption.h">
      <Filter>Game\Menu</Filter>
    </ClInclude>
    <ClInclude Include="Menu.h">
      <Filter>Game\Menu</Filter>
    </ClInclude>
    <ClInclude Include="MenuOptionButton.h">
      <Filter>Game\Menu</Filter>
    </ClInclude>
    <ClInclude Include="MenuOptionSlider.h">
      <Filter>Game\Menu</Filter>
    </ClInclude>
    <ClInclude Include="NewGameMenuOption.h">
      <Filter>Game\Menu</Filter>
    </ClInclude>
    <ClInclude Include="ExitMenuOption.h">
      <Filter>Game\Menu</Filter>
    </ClInclude>
  </ItemGroup>
  <ItemGroup>
    <ClCompile Include="Loader.cpp">
      <Filter>Engine\Render</Filter>
    </ClCompile>
    <ClCompile Include="Shader.cpp">
      <Filter>Engine\Shader</Filter>
    </ClCompile>
    <ClCompile Include="StaticShader.cpp">
      <Filter>Engine\Shader</Filter>
    </ClCompile>
    <ClCompile Include="Window.cpp">
      <Filter>Engine\Render</Filter>
    </ClCompile>
    <ClCompile Include="Font.cpp">
      <Filter>Engine\Font</Filter>
    </ClCompile>
    <ClCompile Include="main.cpp">
      <Filter>Source Files</Filter>
    </ClCompile>
    <ClCompile Include="GameObject.cpp">
      <Filter>Game\GameObjects\GameObject</Filter>
    </ClCompile>
    <ClCompile Include="GameObjectManager.cpp">
      <Filter>Game\GameObjects\GameObject</Filter>
    </ClCompile>
    <ClCompile Include="Wall.cpp">
      <Filter>Game\GameObjects\Wall</Filter>
    </ClCompile>
    <ClCompile Include="Field.cpp">
      <Filter>Game\GameObjects\Field</Filter>
    </ClCompile>
    <ClCompile Include="WallHole.cpp">
      <Filter>Game\GameObjects\Wall</Filter>
    </ClCompile>
    <ClCompile Include="Player.cpp">
      <Filter>Game\GameObjects\Player</Filter>
    </ClCompile>
    <ClCompile Include="Game.cpp">
      <Filter>Game</Filter>
    </ClCompile>
    <ClCompile Include="PlayerMovementManager.cpp">
      <Filter>Game\GameObjects\Player</Filter>
    </ClCompile>
    <ClCompile Include="GameObjectLoader.cpp">
      <Filter>Game\GameObjects\GameObject</Filter>
    </ClCompile>
    <ClCompile Include="WhiteHole.cpp">
      <Filter>Game\GameObjects\WhiteHole</Filter>
    </ClCompile>
    <ClCompile Include="MenuOption.cpp">
      <Filter>Game\Menu</Filter>
    </ClCompile>
    <ClCompile Include="MenuOptionButton.cpp">
      <Filter>Game\Menu</Filter>
    </ClCompile>
    <ClCompile Include="MenuOptionSlider.cpp">
      <Filter>Game\Menu</Filter>
    </ClCompile>
    <ClCompile Include="Menu.cpp">
      <Filter>Game\Menu</Filter>
    </ClCompile>
    <ClCompile Include="NewGameMenuOption.cpp">
      <Filter>Game\Menu</Filter>
    </ClCompile>
    <ClCompile Include="ExitMenuOption.cpp">
      <Filter>Game\Menu</Filter>
    </ClCompile>
  </ItemGroup>
  <ItemGroup>
    <None Include="packages.config" />
    <None Include="shaders\fragment.sh">
      <Filter>Engine\Shader</Filter>
    </None>
    <None Include="shaders\vertex.sh">
      <Filter>Engine\Shader</Filter>
    </None>
    <None Include="ClassDiagram.cd" />
    <None Include="shaders\fonts\fragment.sh">
      <Filter>Engine\Shader\fonts</Filter>
    </None>
    <None Include="shaders\fonts\vertex.sh">
      <Filter>Engine\Shader\fonts</Filter>
    </None>
  </ItemGroup>
</Project>